// !$*UTF8*$!
{
	archiveVersion = 1;
	classes = {
	};
	objectVersion = 50;
	objects = {

/* Begin PBXBuildFile section */
		7F08573423CF43C200675AC7 /* AppDelegate.swift in Sources */ = {isa = PBXBuildFile; fileRef = 7F08573323CF43C200675AC7 /* AppDelegate.swift */; };
		7F08573623CF43C200675AC7 /* SceneDelegate.swift in Sources */ = {isa = PBXBuildFile; fileRef = 7F08573523CF43C200675AC7 /* SceneDelegate.swift */; };
		7F08573823CF43C200675AC7 /* ViewController.swift in Sources */ = {isa = PBXBuildFile; fileRef = 7F08573723CF43C200675AC7 /* ViewController.swift */; };
		7F08573B23CF43C200675AC7 /* Main.storyboard in Resources */ = {isa = PBXBuildFile; fileRef = 7F08573923CF43C200675AC7 /* Main.storyboard */; };
		7F08573D23CF43C300675AC7 /* Assets.xcassets in Resources */ = {isa = PBXBuildFile; fileRef = 7F08573C23CF43C300675AC7 /* Assets.xcassets */; };
		7F08574023CF43C300675AC7 /* LaunchScreen.storyboard in Resources */ = {isa = PBXBuildFile; fileRef = 7F08573E23CF43C300675AC7 /* LaunchScreen.storyboard */; };
		7F6CCCC723D46D6100615BB7 /*  Question.swift in Sources */ = {isa = PBXBuildFile; fileRef = 7F6CCCC623D46D6100615BB7 /*  Question.swift */; };
		7F6CCCC923D46EEA00615BB7 /* QuestionBank.swift in Sources */ = {isa = PBXBuildFile; fileRef = 7F6CCCC823D46EEA00615BB7 /* QuestionBank.swift */; };
/* End PBXBuildFile section */

/* Begin PBXFileReference section */
		7F08573023CF43C200675AC7 /* Tap9ButtonApp.app */ = {isa = PBXFileReference; explicitFileType = wrapper.application; includeInIndex = 0; path = Tap9ButtonApp.app; sourceTree = BUILT_PRODUCTS_DIR; };
		7F08573323CF43C200675AC7 /* AppDelegate.swift */ = {isa = PBXFileReference; lastKnownFileType = sourcecode.swift; path = AppDelegate.swift; sourceTree = "<group>"; };
		7F08573523CF43C200675AC7 /* SceneDelegate.swift */ = {isa = PBXFileReference; lastKnownFileType = sourcecode.swift; path = SceneDelegate.swift; sourceTree = "<group>"; };
		7F08573723CF43C200675AC7 /* ViewController.swift */ = {isa = PBXFileReference; lastKnownFileType = sourcecode.swift; path = ViewController.swift; sourceTree = "<group>"; };
		7F08573A23CF43C200675AC7 /* Base */ = {isa = PBXFileReference; lastKnownFileType = file.storyboard; name = Base; path = Base.lproj/Main.storyboard; sourceTree = "<group>"; };
		7F08573C23CF43C300675AC7 /* Assets.xcassets */ = {isa = PBXFileReference; lastKnownFileType = folder.assetcatalog; path = Assets.xcassets; sourceTree = "<group>"; };
		7F08573F23CF43C300675AC7 /* Base */ = {isa = PBXFileReference; lastKnownFileType = file.storyboard; name = Base; path = Base.lproj/LaunchScreen.storyboard; sourceTree = "<group>"; };
		7F08574123CF43C300675AC7 /* Info.plist */ = {isa = PBXFileReference; lastKnownFileType = text.plist.xml; path = Info.plist; sourceTree = "<group>"; };
		7F6CCCC623D46D6100615BB7 /*  Question.swift */ = {isa = PBXFileReference; lastKnownFileType = sourcecode.swift; path = " Question.swift"; sourceTree = "<group>"; };
		7F6CCCC823D46EEA00615BB7 /* QuestionBank.swift */ = {isa = PBXFileReference; lastKnownFileType = sourcecode.swift; path = QuestionBank.swift; sourceTree = "<group>"; };
/* End PBXFileReference section */

/* Begin PBXFrameworksBuildPhase section */
		7F08572D23CF43C200675AC7 /* Frameworks */ = {
			isa = PBXFrameworksBuildPhase;
			buildActionMask = 2147483647;
			files = (
			);
			runOnlyForDeploymentPostprocessing = 0;
		};
/* End PBXFrameworksBuildPhase section */

/* Begin PBXGroup section */
		7F08572723CF43C200675AC7 = {
			isa = PBXGroup;
			children = (
				7F08573223CF43C200675AC7 /* Tap9ButtonApp */,
				7F08573123CF43C200675AC7 /* Products */,
			);
			sourceTree = "<group>";
		};
		7F08573123CF43C200675AC7 /* Products */ = {
			isa = PBXGroup;
			children = (
				7F08573023CF43C200675AC7 /* Tap9ButtonApp.app */,
			);
			name = Products;
			sourceTree = "<group>";
		};
		7F08573223CF43C200675AC7 /* Tap9ButtonApp */ = {
			isa = PBXGroup;
			children = (
				7F08573323CF43C200675AC7 /* AppDelegate.swift */,
				7F08573523CF43C200675AC7 /* SceneDelegate.swift */,
				7F08573723CF43C200675AC7 /* ViewController.swift */,
				7F08573923CF43C200675AC7 /* Main.storyboard */,
				7F08573C23CF43C300675AC7 /* Assets.xcassets */,
				7F08573E23CF43C300675AC7 /* LaunchScreen.storyboard */,
				7F08574123CF43C300675AC7 /* Info.plist */,
				7F6CCCC623D46D6100615BB7 /*  Question.swift */,
				7F6CCCC823D46EEA00615BB7 /* QuestionBank.swift */,
			);
			path = Tap9ButtonApp;
			sourceTree = "<group>";
		};
/* End PBXGroup section */

/* Begin PBXNativeTarget section */
		7F08572F23CF43C200675AC7 /* Tap9ButtonApp */ = {
			isa = PBXNativeTarget;
			buildConfigurationList = 7F08574423CF43C300675AC7 /* Build configuration list for PBXNativeTarget "Tap9ButtonApp" */;
			buildPhases = (
				7F08572C23CF43C200675AC7 /* Sources */,
				7F08572D23CF43C200675AC7 /* Frameworks */,
				7F08572E23CF43C200675AC7 /* Resources */,
			);
			buildRules = (
			);
			dependencies = (
			);
			name = Tap9ButtonApp;
			productName = Tap9ButtonApp;
			productReference = 7F08573023CF43C200675AC7 /* Tap9ButtonApp.app */;
			productType = "com.apple.product-type.application";
		};
/* End PBXNativeTarget section */

/* Begin PBXProject section */
		7F08572823CF43C200675AC7 /* Project object */ = {
			isa = PBXProject;
			attributes = {
				LastSwiftUpdateCheck = 1130;
				LastUpgradeCheck = 1130;
				ORGANIZATIONNAME = "宏輝";
				TargetAttributes = {
					7F08572F23CF43C200675AC7 = {
						CreatedOnToolsVersion = 11.3.1;
					};
				};
			};
			buildConfigurationList = 7F08572B23CF43C200675AC7 /* Build configuration list for PBXProject "Tap9ButtonApp" */;
			compatibilityVersion = "Xcode 9.3";
			developmentRegion = en;
			hasScannedForEncodings = 0;
			knownRegions = (
				en,
				Base,
			);
			mainGroup = 7F08572723CF43C200675AC7;
			productRefGroup = 7F08573123CF43C200675AC7 /* Products */;
			projectDirPath = "";
			projectRoot = "";
			targets = (
				7F08572F23CF43C200675AC7 /* Tap9ButtonApp */,
			);
		};
/* End PBXProject section */

/* Begin PBXResourcesBuildPhase section */
		7F08572E23CF43C200675AC7 /* Resources */ = {
			isa = PBXResourcesBuildPhase;
			buildActionMask = 2147483647;
			files = (
				7F08574023CF43C300675AC7 /* LaunchScreen.storyboard in Resources */,
				7F08573D23CF43C300675AC7 /* Assets.xcassets in Resources */,
				7F08573B23CF43C200675AC7 /* Main.storyboard in Resources */,
			);
			runOnlyForDeploymentPostprocessing = 0;
		};
/* End PBXResourcesBuildPhase section */

/* Begin PBXSourcesBuildPhase section */
		7F08572C23CF43C200675AC7 /* Sources */ = {
			isa = PBXSourcesBuildPhase;
			buildActionMask = 2147483647;
			files = (
				7F08573823CF43C200675AC7 /* ViewController.swift in Sources */,
				7F08573423CF43C200675AC7 /* AppDelegate.swift in Sources */,
				7F6CCCC723D46D6100615BB7 /*  Question.swift in Sources */,
				7F6CCCC923D46EEA00615BB7 /* QuestionBank.swift in Sources */,
				7F08573623CF43C200675AC7 /* SceneDelegate.swift in Sources */,
			);
			runOnlyForDeploymentPostprocessing = 0;
		};
/* End PBXSourcesBuildPhase section */

/* Begin PBXVariantGroup section */
		7F08573923CF43C200675AC7 /* Main.storyboard */ = {
			isa = PBXVariantGroup;
			children = (
				7F08573A23CF43C200675AC7 /* Base */,
			);
			name = Main.storyboard;
			sourceTree = "<group>";
		};
		7F08573E23CF43C300675AC7 /* LaunchScreen.storyboard */ = {
			isa = PBXVariantGroup;
			children = (
				7F08573F23CF43C300675AC7 /* Base */,
			);
			name = LaunchScreen.storyboard;
			sourceTree = "<group>";
		};
/* End PBXVariantGroup section */

/* Begin XCBuildConfiguration section */
		7F08574223CF43C300675AC7 /* Debug */ = {
			isa = XCBuildConfiguration;
			buildSettings = {
				ALWAYS_SEARCH_USER_PATHS = NO;
				CLANG_ANALYZER_NONNULL = YES;
				CLANG_ANALYZER_NUMBER_OBJECT_CONVERSION = YES_AGGRESSIVE;
				CLANG_CXX_LANGUAGE_STANDARD = "gnu++14";
				CLANG_CXX_LIBRARY = "libc++";
				CLANG_ENABLE_MODULES = YES;
				CLANG_ENABLE_OBJC_ARC = YES;
				CLANG_ENABLE_OBJC_WEAK = YES;
				CLANG_WARN_BLOCK_CAPTURE_AUTORELEASING = YES;
				CLANG_WARN_BOOL_CONVERSION = YES;
				CLANG_WARN_COMMA = YES;
				CLANG_WARN_CONSTANT_CONVERSION = YES;
				CLANG_WARN_DEPRECATED_OBJC_IMPLEMENTATIONS = YES;
				CLANG_WARN_DIRECT_OBJC_ISA_USAGE = YES_ERROR;
				CLANG_WARN_DOCUMENTATION_COMMENTS = YES;
				CLANG_WARN_EMPTY_BODY = YES;
				CLANG_WARN_ENUM_CONVERSION = YES;
				CLANG_WARN_INFINITE_RECURSION = YES;
				CLANG_WARN_INT_CONVERSION = YES;
				CLANG_WARN_NON_LITERAL_NULL_CONVERSION = YES;
				CLANG_WARN_OBJC_IMPLICIT_RETAIN_SELF = YES;
				CLANG_WARN_OBJC_LITERAL_CONVERSION = YES;
				CLANG_WARN_OBJC_ROOT_CLASS = YES_ERROR;
				CLANG_WARN_RANGE_LOOP_ANALYSIS = YES;
				CLANG_WARN_STRICT_PROTOTYPES = YES;
				CLANG_WARN_SUSPICIOUS_MOVE = YES;
				CLANG_WARN_UNGUARDED_AVAILABILITY = YES_AGGRESSIVE;
				CLANG_WARN_UNREACHABLE_CODE = YES;
				CLANG_WARN__DUPLICATE_METHOD_MATCH = YES;
				COPY_PHASE_STRIP = NO;
				DEBUG_INFORMATION_FORMAT = dwarf;
				ENABLE_STRICT_OBJC_MSGSEND = YES;
				ENABLE_TESTABILITY = YES;
				GCC_C_LANGUAGE_STANDARD = gnu11;
				GCC_DYNAMIC_NO_PIC = NO;
				GCC_NO_COMMON_BLOCKS = YES;
				GCC_OPTIMIZATION_LEVEL = 0;
				GCC_PREPROCESSOR_DEFINITIONS = (
					"DEBUG=1",
					"$(inherited)",
				);
				GCC_WARN_64_TO_32_BIT_CONVERSION = YES;
				GCC_WARN_ABOUT_RETURN_TYPE = YES_ERROR;
				GCC_WARN_UNDECLARED_SELECTOR = YES;
				GCC_WARN_UNINITIALIZED_AUTOS = YES_AGGRESSIVE;
				GCC_WARN_UNUSED_FUNCTION = YES;
				GCC_WARN_UNUSED_VARIABLE = YES;
				IPHONEOS_DEPLOYMENT_TARGET = 13.2;
				MTL_ENABLE_DEBUG_INFO = INCLUDE_SOURCE;
				MTL_FAST_MATH = YES;
				ONLY_ACTIVE_ARCH = YES;
				SDKROOT = iphoneos;
				SWIFT_ACTIVE_COMPILATION_CONDITIONS = DEBUG;
				SWIFT_OPTIMIZATION_LEVEL = "-Onone";
			};
			name = Debug;
		};
		7F08574323CF43C300675AC7 /* Release */ = {
			isa = XCBuildConfiguration;
			buildSettings = {
				ALWAYS_SEARCH_USER_PATHS = NO;
				CLANG_ANALYZER_NONNULL = YES;
				CLANG_ANALYZER_NUMBER_OBJECT_CONVERSION = YES_AGGRESSIVE;
				CLANG_CXX_LANGUAGE_STANDARD = "gnu++14";
				CLANG_CXX_LIBRARY = "libc++";
				CLANG_ENABLE_MODULES = YES;
				CLANG_ENABLE_OBJC_ARC = YES;
				CLANG_ENABLE_OBJC_WEAK = YES;
				CLANG_WARN_BLOCK_CAPTURE_AUTORELEASING = YES;
				CLANG_WARN_BOOL_CONVERSION = YES;
				CLANG_WARN_COMMA = YES;
				CLANG_WARN_CONSTANT_CONVERSION = YES;
				CLANG_WARN_DEPRECATED_OBJC_IMPLEMENTATIONS = YES;
				CLANG_WARN_DIRECT_OBJC_ISA_USAGE = YES_ERROR;
				CLANG_WARN_DOCUMENTATION_COMMENTS = YES;
				CLANG_WARN_EMPTY_BODY = YES;
				CLANG_WARN_ENUM_CONVERSION = YES;
				CLANG_WARN_INFINITE_RECURSION = YES;
				CLANG_WARN_INT_CONVERSION = YES;
				CLANG_WARN_NON_LITERAL_NULL_CONVERSION = YES;
				CLANG_WARN_OBJC_IMPLICIT_RETAIN_SELF = YES;
				CLANG_WARN_OBJC_LITERAL_CONVERSION = YES;
				CLANG_WARN_OBJC_ROOT_CLASS = YES_ERROR;
				CLANG_WARN_RANGE_LOOP_ANALYSIS = YES;
				CLANG_WARN_STRICT_PROTOTYPES = YES;
				CLANG_WARN_SUSPICIOUS_MOVE = YES;
				CLANG_WARN_UNGUARDED_AVAILABILITY = YES_AGGRESSIVE;
				CLANG_WARN_UNREACHABLE_CODE = YES;
				CLANG_WARN__DUPLICATE_METHOD_MATCH = YES;
				COPY_PHASE_STRIP = NO;
				DEBUG_INFORMATION_FORMAT = "dwarf-with-dsym";
				ENABLE_NS_ASSERTIONS = NO;
				ENABLE_STRICT_OBJC_MSGSEND = YES;
				GCC_C_LANGUAGE_STANDARD = gnu11;
				GCC_NO_COMMON_BLOCKS = YES;
				GCC_WARN_64_TO_32_BIT_CONVERSION = YES;
				GCC_WARN_ABOUT_RETURN_TYPE = YES_ERROR;
				GCC_WARN_UNDECLARED_SELECTOR = YES;
				GCC_WARN_UNINITIALIZED_AUTOS = YES_AGGRESSIVE;
				GCC_WARN_UNUSED_FUNCTION = YES;
				GCC_WARN_UNUSED_VARIABLE = YES;
				IPHONEOS_DEPLOYMENT_TARGET = 13.2;
				MTL_ENABLE_DEBUG_INFO = NO;
				MTL_FAST_MATH = YES;
				SDKROOT = iphoneos;
				SWIFT_COMPILATION_MODE = wholemodule;
				SWIFT_OPTIMIZATION_LEVEL = "-O";
				VALIDATE_PRODUCT = YES;
			};
			name = Release;
		};
		7F08574523CF43C300675AC7 /* Debug */ = {
			isa = XCBuildConfiguration;
			buildSettings = {
				ASSETCATALOG_COMPILER_APPICON_NAME = AppIcon;
				CODE_SIGN_STYLE = Automatic;
				DEVELOPMENT_TEAM = K6FA22KGKX;
				INFOPLIST_FILE = Tap9ButtonApp/Info.plist;
				LD_RUNPATH_SEARCH_PATHS = (
					"$(inherited)",
					"@executable_path/Frameworks",
				);
				PRODUCT_BUNDLE_IDENTIFIER = com.withios.Tap9ButtonApp;
				PRODUCT_NAME = "$(TARGET_NAME)";
				SWIFT_VERSION = 5.0;
				TARGETED_DEVICE_FAMILY = "1,2";
			};
			name = Debug;
		};
		7F08574623CF43C300675AC7 /* Release */ = {
			isa = XCBuildConfiguration;
			buildSettings = {
				ASSETCATALOG_COMPILER_APPICON_NAME = AppIcon;
				CODE_SIGN_STYLE = Automatic;
				DEVELOPMENT_TEAM = K6FA22KGKX;
				INFOPLIST_FILE = Tap9ButtonApp/Info.plist;
				LD_RUNPATH_SEARCH_PATHS = (
					"$(inherited)",
					"@executable_path/Frameworks",
				);
				PRODUCT_BUNDLE_IDENTIFIER = com.withios.Tap9ButtonApp;
				PRODUCT_NAME = "$(TARGET_NAME)";
				SWIFT_VERSION = 5.0;
				TARGETED_DEVICE_FAMILY = "1,2";
			};
			name = Release;
		};
/* End XCBuildConfiguration section */

/* Begin XCConfigurationList section */
		7F08572B23CF43C200675AC7 /* Build configuration list for PBXProject "Tap9ButtonApp" */ = {
			isa = XCConfigurationList;
			buildConfigurations = (
				7F08574223CF43C300675AC7 /* Debug */,
				7F08574323CF43C300675AC7 /* Release */,
			);
			defaultConfigurationIsVisible = 0;
			defaultConfigurationName = Release;
		};
		7F08574423CF43C300675AC7 /* Build configuration list for PBXNativeTarget "Tap9ButtonApp" */ = {
			isa = XCConfigurationList;
			buildConfigurations = (
				7F08574523CF43C300675AC7 /* Debug */,
				7F08574623CF43C300675AC7 /* Release */,
			);
			defaultConfigurationIsVisible = 0;
			defaultConfigurationName = Release;
		};
/* End XCConfigurationList section */
	};
	rootObject = 7F08572823CF43C200675AC7 /* Project object */;
}
